PODS:
  - Flutter (1.0.0)
  - flutter_fai_umeng (0.0.2):
    - Flutter
    - UMCAnalytics (= 6.0.5)
    - UMCCommon (= 2.1.1)
    - UMCCommonLog (= 1.0.0)
    - UMCPush
  - UMCAnalytics (6.0.5):
    - UMCCommon
  - UMCCommon (2.1.1)
  - UMCCommonLog (1.0.0)
  - UMCPush (3.2.4):
    - UMCCommon

DEPENDENCIES:
  - Flutter (from `.symlinks/flutter/ios`)
  - flutter_fai_umeng (from `.symlinks/plugins/flutter_fai_umeng/ios`)

SPEC REPOS:
  https://mirrors.tuna.tsinghua.edu.cn/git/CocoaPods/Specs.git:
    - UMCAnalytics
    - UMCCommon
    - UMCCommonLog
    - UMCPush

EXTERNAL SOURCES:
  Flutter:
    :path: ".symlinks/flutter/ios"
  flutter_fai_umeng:
    :path: ".symlinks/plugins/flutter_fai_umeng/ios"

SPEC CHECKSUMS:
  Flutter: 0e3d915762c693b495b44d77113d4970485de6ec
  flutter_fai_umeng: 8e4d5dcb262bc5497ed9cd37ef5ed478e357dc44
  UMCAnalytics: 045be2cd1ec05aa95ad62405a850757f932e2d59
  UMCCommon: 971f324a5a99c9d662ae040a815e7e3d7ef8b2a8
  UMCCommonLog: 05a2d5de21858e3d870551562cff405c1366d244
  UMCPush: 1edd856027dcf905333effb4040ace5d236a7316

PODFILE CHECKSUM: d9c4eea3a9ec77cc1fd4900b3e9b968e82689283

COCOAPODS: 1.9.3
